{
  "version": 4,
  "terraform_version": "1.11.3",
  "serial": 16,
  "lineage": "13bbef08-d419-97ab-3701-f5a7afb5a01c",
  "outputs": {},
  "resources": [
    {
      "mode": "data",
      "type": "azurerm_resource_group",
      "name": "rg",
      "provider": "provider[\"registry.terraform.io/hashicorp/azurerm\"]",
      "instances": [
        {
          "schema_version": 0,
          "attributes": {
            "id": "/subscriptions/c82980ca-ac33-439d-a896-7efaa573acd1/resourceGroups/raj-rg",
            "location": "centralindia",
            "managed_by": "",
            "name": "raj-rg",
            "tags": {},
            "timeouts": null
          },
          "sensitive_attributes": []
        }
      ]
    },
    {
      "mode": "data",
      "type": "azurerm_subnet",
      "name": "subnet",
      "provider": "provider[\"registry.terraform.io/hashicorp/azurerm\"]",
      "instances": [
        {
          "schema_version": 0,
          "attributes": {
            "address_prefix": "",
            "address_prefixes": [
              "10.0.0.0/24"
            ],
            "default_outbound_access_enabled": true,
            "id": "/subscriptions/c82980ca-ac33-439d-a896-7efaa573acd1/resourceGroups/raj-rg/providers/Microsoft.Network/virtualNetworks/raj-vnet/subnets/raj-subnet",
            "name": "raj-subnet",
            "network_security_group_id": "",
            "private_endpoint_network_policies": "Disabled",
            "private_link_service_network_policies_enabled": true,
            "resource_group_name": "raj-rg",
            "route_table_id": "",
            "service_endpoints": [],
            "timeouts": null,
            "virtual_network_name": "raj-vnet"
          },
          "sensitive_attributes": []
        }
      ]
    },
    {
      "mode": "data",
      "type": "azurerm_virtual_network",
      "name": "vnet",
      "provider": "provider[\"registry.terraform.io/hashicorp/azurerm\"]",
      "instances": [
        {
          "schema_version": 0,
          "attributes": {
            "address_space": [
              "10.0.0.0/16"
            ],
            "dns_servers": null,
            "guid": "cbbcee59-4ac4-4210-b377-d97954a573ba",
            "id": "/subscriptions/c82980ca-ac33-439d-a896-7efaa573acd1/resourceGroups/raj-rg/providers/Microsoft.Network/virtualNetworks/raj-vnet",
            "location": "centralindia",
            "name": "raj-vnet",
            "resource_group_name": "raj-rg",
            "subnets": [
              "raj-subnet"
            ],
            "tags": {
              "company": "VSN"
            },
            "timeouts": null,
            "vnet_peerings": {},
            "vnet_peerings_addresses": []
          },
          "sensitive_attributes": []
        }
      ]
    },
    {
      "mode": "managed",
      "type": "azurerm_linux_virtual_machine",
      "name": "vm",
      "provider": "provider[\"registry.terraform.io/hashicorp/azurerm\"]",
      "instances": [
        {
          "schema_version": 0,
          "attributes": {
            "additional_capabilities": [],
            "admin_password": "P@ssw0rd123",
            "admin_ssh_key": [],
            "admin_username": "rajveer",
            "allow_extension_operations": true,
            "availability_set_id": "",
            "boot_diagnostics": [],
            "bypass_platform_safety_checks_on_user_schedule_enabled": false,
            "capacity_reservation_group_id": "",
            "computer_name": "rajveer-vm",
            "custom_data": null,
            "dedicated_host_group_id": "",
            "dedicated_host_id": "",
            "disable_password_authentication": false,
            "disk_controller_type": "SCSI",
            "edge_zone": "",
            "encryption_at_host_enabled": false,
            "eviction_policy": "",
            "extensions_time_budget": "PT1H30M",
            "gallery_application": [],
            "id": "/subscriptions/c82980ca-ac33-439d-a896-7efaa573acd1/resourceGroups/raj-rg/providers/Microsoft.Compute/virtualMachines/rajveer-vm",
            "identity": [],
            "license_type": "",
            "location": "centralindia",
            "max_bid_price": -1,
            "name": "rajveer-vm",
            "network_interface_ids": [
              "/subscriptions/c82980ca-ac33-439d-a896-7efaa573acd1/resourceGroups/raj-rg/providers/Microsoft.Network/networkInterfaces/rajveer-vm-nic"
            ],
            "os_disk": [
              {
                "caching": "ReadWrite",
                "diff_disk_settings": [],
                "disk_encryption_set_id": "",
                "disk_size_gb": 30,
                "id": "/subscriptions/c82980ca-ac33-439d-a896-7efaa573acd1/resourceGroups/raj-rg/providers/Microsoft.Compute/disks/rajveer-vm-osdisk",
                "name": "rajveer-vm-osdisk",
                "secure_vm_disk_encryption_set_id": "",
                "security_encryption_type": "",
                "storage_account_type": "Standard_LRS",
                "write_accelerator_enabled": false
              }
            ],
            "os_image_notification": [],
            "patch_assessment_mode": "ImageDefault",
            "patch_mode": "ImageDefault",
            "plan": [],
            "platform_fault_domain": -1,
            "priority": "Regular",
            "private_ip_address": "10.0.0.4",
            "private_ip_addresses": [
              "10.0.0.4"
            ],
            "provision_vm_agent": true,
            "proximity_placement_group_id": "",
            "public_ip_address": "74.225.134.166",
            "public_ip_addresses": [
              "74.225.134.166"
            ],
            "reboot_setting": "",
            "resource_group_name": "raj-rg",
            "secret": [],
            "secure_boot_enabled": false,
            "size": "Standard_B1s",
            "source_image_id": "",
            "source_image_reference": [
              {
                "offer": "0001-com-ubuntu-server-jammy",
                "publisher": "Canonical",
                "sku": "22_04-lts-gen2",
                "version": "latest"
              }
            ],
            "tags": {
              "approval_email": "faew",
              "approved_by": "fdfg",
              "autoshutdown": "xxsd",
              "autostart": "wfs",
              "company": "VSN",
              "created_by": "qqq",
              "created_date": "fefw",
              "department": "it",
              "end_of_vm": "dgf",
              "env": "fsf",
              "environment": "dev",
              "managed_by": "dwefe",
              "owner": "rajveer"
            },
            "termination_notification": [],
            "timeouts": null,
            "user_data": "",
            "virtual_machine_id": "54703ebb-e857-481a-aa87-5df15e4ddbd9",
            "virtual_machine_scale_set_id": "",
            "vm_agent_platform_updates_enabled": false,
            "vtpm_enabled": false,
            "zone": ""
          },
          "sensitive_attributes": [
            [
              {
                "type": "get_attr",
                "value": "custom_data"
              }
            ],
            [
              {
                "type": "get_attr",
                "value": "admin_password"
              }
            ]
          ],
          "private": "eyJlMmJmYjczMC1lY2FhLTExZTYtOGY4OC0zNDM2M2JjN2M0YzAiOnsiY3JlYXRlIjoyNzAwMDAwMDAwMDAwLCJkZWxldGUiOjI3MDAwMDAwMDAwMDAsInJlYWQiOjMwMDAwMDAwMDAwMCwidXBkYXRlIjoyNzAwMDAwMDAwMDAwfX0=",
          "dependencies": [
            "azurerm_network_interface.nic",
            "azurerm_public_ip.public_ip",
            "data.azurerm_subnet.subnet"
          ]
        }
      ]
    },
    {
      "mode": "managed",
      "type": "azurerm_network_interface",
      "name": "nic",
      "provider": "provider[\"registry.terraform.io/hashicorp/azurerm\"]",
      "instances": [
        {
          "schema_version": 0,
          "attributes": {
            "accelerated_networking_enabled": false,
            "applied_dns_servers": [],
            "auxiliary_mode": "",
            "auxiliary_sku": "",
            "dns_servers": [],
            "edge_zone": "",
            "id": "/subscriptions/c82980ca-ac33-439d-a896-7efaa573acd1/resourceGroups/raj-rg/providers/Microsoft.Network/networkInterfaces/rajveer-vm-nic",
            "internal_dns_name_label": "",
            "internal_domain_name_suffix": "lhxlzs4ejiiefm1x1f2vjjltxc.rx.internal.cloudapp.net",
            "ip_configuration": [
              {
                "gateway_load_balancer_frontend_ip_configuration_id": "",
                "name": "internal",
                "primary": true,
                "private_ip_address": "10.0.0.4",
                "private_ip_address_allocation": "Static",
                "private_ip_address_version": "IPv4",
                "public_ip_address_id": "/subscriptions/c82980ca-ac33-439d-a896-7efaa573acd1/resourceGroups/raj-rg/providers/Microsoft.Network/publicIPAddresses/rajveer-vm-pip",
                "subnet_id": "/subscriptions/c82980ca-ac33-439d-a896-7efaa573acd1/resourceGroups/raj-rg/providers/Microsoft.Network/virtualNetworks/raj-vnet/subnets/raj-subnet"
              }
            ],
            "ip_forwarding_enabled": false,
            "location": "centralindia",
            "mac_address": "00-22-48-6E-8C-38",
            "name": "rajveer-vm-nic",
            "private_ip_address": "10.0.0.4",
            "private_ip_addresses": [
              "10.0.0.4"
            ],
            "resource_group_name": "raj-rg",
            "tags": {
              "approval_email": "faew",
              "approved_by": "fdfg",
              "autoshutdown": "xxsd",
              "autostart": "wfs",
              "created_by": "qqq",
              "created_date": "fefw",
              "department": "it",
              "end_of_vm": "dgf",
              "env": "fsf",
              "environment": "dev",
              "managed_by": "dwefe",
              "owner": "rajveer"
            },
            "timeouts": null,
            "virtual_machine_id": "/subscriptions/c82980ca-ac33-439d-a896-7efaa573acd1/resourceGroups/raj-rg/providers/Microsoft.Compute/virtualMachines/rajveer-vm"
          },
          "sensitive_attributes": [],
          "private": "eyJlMmJmYjczMC1lY2FhLTExZTYtOGY4OC0zNDM2M2JjN2M0YzAiOnsiY3JlYXRlIjoxODAwMDAwMDAwMDAwLCJkZWxldGUiOjE4MDAwMDAwMDAwMDAsInJlYWQiOjMwMDAwMDAwMDAwMCwidXBkYXRlIjoxODAwMDAwMDAwMDAwfX0=",
          "dependencies": [
            "azurerm_public_ip.public_ip",
            "data.azurerm_subnet.subnet"
          ]
        }
      ]
    },
    {
      "mode": "managed",
      "type": "azurerm_network_interface_security_group_association",
      "name": "nic_nsg_assoc",
      "provider": "provider[\"registry.terraform.io/hashicorp/azurerm\"]",
      "instances": [
        {
          "schema_version": 0,
          "attributes": {
            "id": "/subscriptions/c82980ca-ac33-439d-a896-7efaa573acd1/resourceGroups/raj-rg/providers/Microsoft.Network/networkInterfaces/rajveer-vm-nic|/subscriptions/c82980ca-ac33-439d-a896-7efaa573acd1/resourceGroups/raj-rg/providers/Microsoft.Network/networkSecurityGroups/rajveer-vm-nsg",
            "network_interface_id": "/subscriptions/c82980ca-ac33-439d-a896-7efaa573acd1/resourceGroups/raj-rg/providers/Microsoft.Network/networkInterfaces/rajveer-vm-nic",
            "network_security_group_id": "/subscriptions/c82980ca-ac33-439d-a896-7efaa573acd1/resourceGroups/raj-rg/providers/Microsoft.Network/networkSecurityGroups/rajveer-vm-nsg",
            "timeouts": null
          },
          "sensitive_attributes": [],
          "private": "eyJlMmJmYjczMC1lY2FhLTExZTYtOGY4OC0zNDM2M2JjN2M0YzAiOnsiY3JlYXRlIjoxODAwMDAwMDAwMDAwLCJkZWxldGUiOjE4MDAwMDAwMDAwMDAsInJlYWQiOjMwMDAwMDAwMDAwMH19",
          "dependencies": [
            "azurerm_network_interface.nic",
            "azurerm_network_security_group.nsg",
            "azurerm_public_ip.public_ip",
            "data.azurerm_subnet.subnet"
          ]
        }
      ]
    },
    {
      "mode": "managed",
      "type": "azurerm_network_security_group",
      "name": "nsg",
      "provider": "provider[\"registry.terraform.io/hashicorp/azurerm\"]",
      "instances": [
        {
          "schema_version": 0,
          "attributes": {
            "id": "/subscriptions/c82980ca-ac33-439d-a896-7efaa573acd1/resourceGroups/raj-rg/providers/Microsoft.Network/networkSecurityGroups/rajveer-vm-nsg",
            "location": "centralindia",
            "name": "rajveer-vm-nsg",
            "resource_group_name": "raj-rg",
            "security_rule": [
              {
                "access": "Allow",
                "description": "",
                "destination_address_prefix": "*",
                "destination_address_prefixes": [],
                "destination_application_security_group_ids": [],
                "destination_port_range": "22",
                "destination_port_ranges": [],
                "direction": "Inbound",
                "name": "Allow-SSH",
                "priority": 1001,
                "protocol": "Tcp",
                "source_address_prefix": "*",
                "source_address_prefixes": [],
                "source_application_security_group_ids": [],
                "source_port_range": "*",
                "source_port_ranges": []
              }
            ],
            "tags": {
              "approval_email": "faew",
              "approved_by": "fdfg",
              "autoshutdown": "xxsd",
              "autostart": "wfs",
              "company": "VSN",
              "created_by": "qqq",
              "created_date": "fefw",
              "department": "it",
              "end_of_vm": "dgf",
              "env": "fsf",
              "environment": "dev",
              "managed_by": "dwefe",
              "owner": "rajveer"
            },
            "timeouts": null
          },
          "sensitive_attributes": [],
          "private": "eyJlMmJmYjczMC1lY2FhLTExZTYtOGY4OC0zNDM2M2JjN2M0YzAiOnsiY3JlYXRlIjoxODAwMDAwMDAwMDAwLCJkZWxldGUiOjE4MDAwMDAwMDAwMDAsInJlYWQiOjMwMDAwMDAwMDAwMCwidXBkYXRlIjoxODAwMDAwMDAwMDAwfX0="
        }
      ]
    },
    {
      "mode": "managed",
      "type": "azurerm_public_ip",
      "name": "public_ip",
      "provider": "provider[\"registry.terraform.io/hashicorp/azurerm\"]",
      "instances": [
        {
          "schema_version": 0,
          "attributes": {
            "allocation_method": "Static",
            "ddos_protection_mode": "VirtualNetworkInherited",
            "ddos_protection_plan_id": null,
            "domain_name_label": null,
            "domain_name_label_scope": null,
            "edge_zone": "",
            "fqdn": null,
            "id": "/subscriptions/c82980ca-ac33-439d-a896-7efaa573acd1/resourceGroups/raj-rg/providers/Microsoft.Network/publicIPAddresses/rajveer-vm-pip",
            "idle_timeout_in_minutes": 4,
            "ip_address": "74.225.134.166",
            "ip_tags": {},
            "ip_version": "IPv4",
            "location": "centralindia",
            "name": "rajveer-vm-pip",
            "public_ip_prefix_id": null,
            "resource_group_name": "raj-rg",
            "reverse_fqdn": null,
            "sku": "Standard",
            "sku_tier": "Regional",
            "tags": {
              "approval_email": "faew",
              "approved_by": "fdfg",
              "autoshutdown": "xxsd",
              "autostart": "wfs",
              "company": "VSN",
              "created_by": "qqq",
              "created_date": "fefw",
              "department": "it",
              "end_of_vm": "dgf",
              "env": "fsf",
              "environment": "dev",
              "managed_by": "dwefe",
              "owner": "rajveer"
            },
            "timeouts": null,
            "zones": []
          },
          "sensitive_attributes": [],
          "private": "eyJlMmJmYjczMC1lY2FhLTExZTYtOGY4OC0zNDM2M2JjN2M0YzAiOnsiY3JlYXRlIjoxODAwMDAwMDAwMDAwLCJkZWxldGUiOjE4MDAwMDAwMDAwMDAsInJlYWQiOjMwMDAwMDAwMDAwMCwidXBkYXRlIjoxODAwMDAwMDAwMDAwfX0="
        }
      ]
    }
  ],
  "check_results": null
}
